
Microsoft Visual Studio Solution File, Format Version 11.00
# Visual Studio 2010
Project("{E24C65DC-7377-472B-9ABA-BC803B73C61A}") = "be.absi.evsdemo", "..\..\WebSites\be.absi.evsdemo\", "{4A067918-096C-467E-8C54-9FDB79A43975}"
	ProjectSection(WebsiteProperties) = preProject
		TargetFrameworkMoniker = ".NETFramework,Version%3Dv4.0"
		ProjectReferences = "{B6665D82-AED8-45E9-973B-02FBC5A47EEE}|be.absi.evsdemo.Salesforce.dll;{35157B94-6AD6-4D9A-8E41-711DCFE58616}|be.absi.evsdemo.Dao.dll;"
		Debug.AspNetCompiler.VirtualPath = "/be.absi.evsdemo"
		Debug.AspNetCompiler.PhysicalPath = "..\..\WebSites\be.absi.evsdemo\"
		Debug.AspNetCompiler.TargetPath = "PrecompiledWeb\be.absi.evsdemo\"
		Debug.AspNetCompiler.Updateable = "true"
		Debug.AspNetCompiler.ForceOverwrite = "true"
		Debug.AspNetCompiler.FixedNames = "false"
		Debug.AspNetCompiler.Debug = "True"
		Release.AspNetCompiler.VirtualPath = "/be.absi.evsdemo"
		Release.AspNetCompiler.PhysicalPath = "..\..\WebSites\be.absi.evsdemo\"
		Release.AspNetCompiler.TargetPath = "PrecompiledWeb\be.absi.evsdemo\"
		Release.AspNetCompiler.Updateable = "true"
		Release.AspNetCompiler.ForceOverwrite = "true"
		Release.AspNetCompiler.FixedNames = "false"
		Release.AspNetCompiler.Debug = "False"
		VWDPort = "61253"
		DefaultWebSiteLanguage = "Visual C#"
	EndProjectSection
EndProject
Project("{FAE04EC0-301F-11D3-BF4B-00C04F79EFBC}") = "be.absi.evsdemo.Salesforce", "be.absi.evsdemo.Salesforce\be.absi.evsdemo.Salesforce.csproj", "{B6665D82-AED8-45E9-973B-02FBC5A47EEE}"
EndProject
Project("{FAE04EC0-301F-11D3-BF4B-00C04F79EFBC}") = "be.absi.evsdemo.SalesforceWrapper", "be.absi.evsdemo.SalesforceWrapper\be.absi.evsdemo.SalesforceWrapper.csproj", "{59F6FCE8-54DA-4BF5-828F-B868FD8D958E}"
EndProject
Project("{2150E333-8FDC-42A3-9474-1A3956D46DE8}") = "be.absi.evsdemo.libraries", "be.absi.evsdemo.libraries", "{07732910-CB95-4C88-9BC5-B544FC81945A}"
	ProjectSection(SolutionItems) = preProject
		be.absi.evsdemo.libraries\ICSharpCode.SharpZipLib.dll = be.absi.evsdemo.libraries\ICSharpCode.SharpZipLib.dll
		be.absi.evsdemo.libraries\log4net.dll = be.absi.evsdemo.libraries\log4net.dll
		be.absi.evsdemo.libraries\pdfcrowd.dll = be.absi.evsdemo.libraries\pdfcrowd.dll
	EndProjectSection
EndProject
Project("{FAE04EC0-301F-11D3-BF4B-00C04F79EFBC}") = "be.absi.evsdemo.Dao", "be.absi.be.evsdemo.Dao\be.absi.evsdemo.Dao.csproj", "{35157B94-6AD6-4D9A-8E41-711DCFE58616}"
EndProject
Global
	GlobalSection(SolutionConfigurationPlatforms) = preSolution
		Debug|Any CPU = Debug|Any CPU
		Debug|Mixed Platforms = Debug|Mixed Platforms
		Debug|x86 = Debug|x86
		Release|Any CPU = Release|Any CPU
		Release|Mixed Platforms = Release|Mixed Platforms
		Release|x86 = Release|x86
	EndGlobalSection
	GlobalSection(ProjectConfigurationPlatforms) = postSolution
		{4A067918-096C-467E-8C54-9FDB79A43975}.Debug|Any CPU.ActiveCfg = Debug|Any CPU
		{4A067918-096C-467E-8C54-9FDB79A43975}.Debug|Any CPU.Build.0 = Debug|Any CPU
		{4A067918-096C-467E-8C54-9FDB79A43975}.Debug|Mixed Platforms.ActiveCfg = Debug|Any CPU
		{4A067918-096C-467E-8C54-9FDB79A43975}.Debug|Mixed Platforms.Build.0 = Debug|Any CPU
		{4A067918-096C-467E-8C54-9FDB79A43975}.Debug|x86.ActiveCfg = Debug|Any CPU
		{4A067918-096C-467E-8C54-9FDB79A43975}.Release|Any CPU.ActiveCfg = Debug|Any CPU
		{4A067918-096C-467E-8C54-9FDB79A43975}.Release|Any CPU.Build.0 = Debug|Any CPU
		{4A067918-096C-467E-8C54-9FDB79A43975}.Release|Mixed Platforms.ActiveCfg = Debug|Any CPU
		{4A067918-096C-467E-8C54-9FDB79A43975}.Release|Mixed Platforms.Build.0 = Debug|Any CPU
		{4A067918-096C-467E-8C54-9FDB79A43975}.Release|x86.ActiveCfg = Debug|Any CPU
		{B6665D82-AED8-45E9-973B-02FBC5A47EEE}.Debug|Any CPU.ActiveCfg = Debug|x86
		{B6665D82-AED8-45E9-973B-02FBC5A47EEE}.Debug|Mixed Platforms.ActiveCfg = Debug|x86
		{B6665D82-AED8-45E9-973B-02FBC5A47EEE}.Debug|Mixed Platforms.Build.0 = Debug|x86
		{B6665D82-AED8-45E9-973B-02FBC5A47EEE}.Debug|x86.ActiveCfg = Debug|x86
		{B6665D82-AED8-45E9-973B-02FBC5A47EEE}.Debug|x86.Build.0 = Debug|x86
		{B6665D82-AED8-45E9-973B-02FBC5A47EEE}.Release|Any CPU.ActiveCfg = Release|x86
		{B6665D82-AED8-45E9-973B-02FBC5A47EEE}.Release|Mixed Platforms.ActiveCfg = Release|x86
		{B6665D82-AED8-45E9-973B-02FBC5A47EEE}.Release|Mixed Platforms.Build.0 = Release|x86
		{B6665D82-AED8-45E9-973B-02FBC5A47EEE}.Release|x86.ActiveCfg = Release|x86
		{B6665D82-AED8-45E9-973B-02FBC5A47EEE}.Release|x86.Build.0 = Release|x86
		{59F6FCE8-54DA-4BF5-828F-B868FD8D958E}.Debug|Any CPU.ActiveCfg = Debug|x86
		{59F6FCE8-54DA-4BF5-828F-B868FD8D958E}.Debug|Mixed Platforms.ActiveCfg = Debug|x86
		{59F6FCE8-54DA-4BF5-828F-B868FD8D958E}.Debug|Mixed Platforms.Build.0 = Debug|x86
		{59F6FCE8-54DA-4BF5-828F-B868FD8D958E}.Debug|x86.ActiveCfg = Debug|x86
		{59F6FCE8-54DA-4BF5-828F-B868FD8D958E}.Debug|x86.Build.0 = Debug|x86
		{59F6FCE8-54DA-4BF5-828F-B868FD8D958E}.Release|Any CPU.ActiveCfg = Release|x86
		{59F6FCE8-54DA-4BF5-828F-B868FD8D958E}.Release|Mixed Platforms.ActiveCfg = Release|x86
		{59F6FCE8-54DA-4BF5-828F-B868FD8D958E}.Release|Mixed Platforms.Build.0 = Release|x86
		{59F6FCE8-54DA-4BF5-828F-B868FD8D958E}.Release|x86.ActiveCfg = Release|x86
		{59F6FCE8-54DA-4BF5-828F-B868FD8D958E}.Release|x86.Build.0 = Release|x86
		{35157B94-6AD6-4D9A-8E41-711DCFE58616}.Debug|Any CPU.ActiveCfg = Debug|x86
		{35157B94-6AD6-4D9A-8E41-711DCFE58616}.Debug|Mixed Platforms.ActiveCfg = Debug|x86
		{35157B94-6AD6-4D9A-8E41-711DCFE58616}.Debug|Mixed Platforms.Build.0 = Debug|x86
		{35157B94-6AD6-4D9A-8E41-711DCFE58616}.Debug|x86.ActiveCfg = Debug|x86
		{35157B94-6AD6-4D9A-8E41-711DCFE58616}.Debug|x86.Build.0 = Debug|x86
		{35157B94-6AD6-4D9A-8E41-711DCFE58616}.Release|Any CPU.ActiveCfg = Release|x86
		{35157B94-6AD6-4D9A-8E41-711DCFE58616}.Release|Mixed Platforms.ActiveCfg = Release|x86
		{35157B94-6AD6-4D9A-8E41-711DCFE58616}.Release|Mixed Platforms.Build.0 = Release|x86
		{35157B94-6AD6-4D9A-8E41-711DCFE58616}.Release|x86.ActiveCfg = Release|x86
		{35157B94-6AD6-4D9A-8E41-711DCFE58616}.Release|x86.Build.0 = Release|x86
	EndGlobalSection
	GlobalSection(SolutionProperties) = preSolution
		HideSolutionNode = FALSE
	EndGlobalSection
EndGlobal
